{
  "name": "SwissBuilding",
  "lockfileVersion": 3,
  "requires": true,
  "packages": {
    "": {
      "dependencies": {
        "benoit": "^0.3.0"
      }
    },
    "node_modules/benoit": {
      "version": "0.3.0",
      "resolved": "https://registry.npmjs.org/benoit/-/benoit-0.3.0.tgz",
      "integrity": "sha512-Li6B4H5qG4mf3KZaoij3ZdJRC1iAKxW1VyztN6itscuE2cYW9u/vkHErfkfPVoJ/gRkdkYaUgkFKbreg/n283A==",
      "license": "MIT",
      "bin": {
        "benoit": "bin/benoit.mjs"
      },
      "engines": {
        "node": ">=18.0.0"
      }
    }
  }
}
